
Microsoft Visual Studio Solution File, Format Version 12.00
# Visual Studio Version 16
VisualStudioVersion = 16.0.30611.23
MinimumVisualStudioVersion = 10.0.40219.1
Project("{FAE04EC0-301F-11D3-BF4B-00C04F79EFBC}") = "TheChemicalTouchPortal", "TheChemicalTouchPortal\TheChemicalTouchPortal.csproj", "{6514A388-132F-4712-9890-02C64C29EFCF}"
EndProject
Project("{FAE04EC0-301F-11D3-BF4B-00C04F79EFBC}") = "DataAccessLayer", "DataAccessLayer\DataAccessLayer.csproj", "{DC66EB4E-B07B-49AE-AC30-0F5183931F15}"
EndProject
Project("{FAE04EC0-301F-11D3-BF4B-00C04F79EFBC}") = "BusinessLogicLayer", "BusinessLogicLayer\BusinessLogicLayer.csproj", "{F43BAC9F-A39B-4EF5-9294-F471E6DFF761}"
EndProject
Global
	GlobalSection(SolutionConfigurationPlatforms) = preSolution
		Debug|Any CPU = Debug|Any CPU
		Release|Any CPU = Release|Any CPU
	EndGlobalSection
	GlobalSection(ProjectConfigurationPlatforms) = postSolution
		{6514A388-132F-4712-9890-02C64C29EFCF}.Debug|Any CPU.ActiveCfg = Debug|Any CPU
		{6514A388-132F-4712-9890-02C64C29EFCF}.Debug|Any CPU.Build.0 = Debug|Any CPU
		{6514A388-132F-4712-9890-02C64C29EFCF}.Release|Any CPU.ActiveCfg = Release|Any CPU
		{6514A388-132F-4712-9890-02C64C29EFCF}.Release|Any CPU.Build.0 = Release|Any CPU
		{DC66EB4E-B07B-49AE-AC30-0F5183931F15}.Debug|Any CPU.ActiveCfg = Debug|Any CPU
		{DC66EB4E-B07B-49AE-AC30-0F5183931F15}.Debug|Any CPU.Build.0 = Debug|Any CPU
		{DC66EB4E-B07B-49AE-AC30-0F5183931F15}.Release|Any CPU.ActiveCfg = Release|Any CPU
		{DC66EB4E-B07B-49AE-AC30-0F5183931F15}.Release|Any CPU.Build.0 = Release|Any CPU
		{F43BAC9F-A39B-4EF5-9294-F471E6DFF761}.Debug|Any CPU.ActiveCfg = Debug|Any CPU
		{F43BAC9F-A39B-4EF5-9294-F471E6DFF761}.Debug|Any CPU.Build.0 = Debug|Any CPU
		{F43BAC9F-A39B-4EF5-9294-F471E6DFF761}.Release|Any CPU.ActiveCfg = Release|Any CPU
		{F43BAC9F-A39B-4EF5-9294-F471E6DFF761}.Release|Any CPU.Build.0 = Release|Any CPU
	EndGlobalSection
	GlobalSection(SolutionProperties) = preSolution
		HideSolutionNode = FALSE
	EndGlobalSection
	GlobalSection(ExtensibilityGlobals) = postSolution
		SolutionGuid = {2F738BFB-B4BB-4703-BD40-992407A0E901}
	EndGlobalSection
EndGlobal
